
Microsoft Visual Studio Solution File, Format Version 12.00
# Visual Studio Version 17
VisualStudioVersion = 17.0.31919.166
MinimumVisualStudioVersion = 10.0.40219.1
Project("{9A19103F-16F7-4668-BE54-9A1E7A4F7556}") = "AppSettingsUtils.Net", "AppSettingsUtils.Net\AppSettingsUtils.Net.csproj", "{0B72C2D5-10BF-4986-A3F1-C2B54BF2DE3E}"
EndProject
Project("{FAE04EC0-301F-11D3-BF4B-00C04F79EFBC}") = "AppSettingsUtils.Net.Tests", "AppSettingsUtils.Net.Tests\AppSettingsUtils.Net.Tests.csproj", "{88BE7A21-930C-465A-91E0-18A9B0AA59E8}"
EndProject
Global
	GlobalSection(SolutionConfigurationPlatforms) = preSolution
		Debug|Any CPU = Debug|Any CPU
		Release|Any CPU = Release|Any CPU
	EndGlobalSection
	GlobalSection(ProjectConfigurationPlatforms) = postSolution
		{0B72C2D5-10BF-4986-A3F1-C2B54BF2DE3E}.Debug|Any CPU.ActiveCfg = Debug|Any CPU
		{0B72C2D5-10BF-4986-A3F1-C2B54BF2DE3E}.Debug|Any CPU.Build.0 = Debug|Any CPU
		{0B72C2D5-10BF-4986-A3F1-C2B54BF2DE3E}.Release|Any CPU.ActiveCfg = Release|Any CPU
		{0B72C2D5-10BF-4986-A3F1-C2B54BF2DE3E}.Release|Any CPU.Build.0 = Release|Any CPU
		{88BE7A21-930C-465A-91E0-18A9B0AA59E8}.Debug|Any CPU.ActiveCfg = Debug|Any CPU
		{88BE7A21-930C-465A-91E0-18A9B0AA59E8}.Debug|Any CPU.Build.0 = Debug|Any CPU
		{88BE7A21-930C-465A-91E0-18A9B0AA59E8}.Release|Any CPU.ActiveCfg = Release|Any CPU
		{88BE7A21-930C-465A-91E0-18A9B0AA59E8}.Release|Any CPU.Build.0 = Release|Any CPU
	EndGlobalSection
	GlobalSection(SolutionProperties) = preSolution
		HideSolutionNode = FALSE
	EndGlobalSection
	GlobalSection(ExtensibilityGlobals) = postSolution
		SolutionGuid = {C45FFC06-73FE-4E9C-9264-97863D7C4599}
	EndGlobalSection
EndGlobal
